
Microsoft Visual Studio Solution File, Format Version 12.00
# Visual Studio 15
VisualStudioVersion = 15.0.27130.2020
MinimumVisualStudioVersion = 10.0.40219.1
Project("{FAE04EC0-301F-11D3-BF4B-00C04F79EFBC}") = "PDFsToText", "PDFsToText\PDFsToText.csproj", "{C12EB4BC-58FC-4FB2-B0F5-8B8E183D8A01}"
EndProject
Global
	GlobalSection(SolutionConfigurationPlatforms) = preSolution
		Debug|Any CPU = Debug|Any CPU
		Release|Any CPU = Release|Any CPU
	EndGlobalSection
	GlobalSection(ProjectConfigurationPlatforms) = postSolution
		{C12EB4BC-58FC-4FB2-B0F5-8B8E183D8A01}.Debug|Any CPU.ActiveCfg = Debug|Any CPU
		{C12EB4BC-58FC-4FB2-B0F5-8B8E183D8A01}.Debug|Any CPU.Build.0 = Debug|Any CPU
		{C12EB4BC-58FC-4FB2-B0F5-8B8E183D8A01}.Release|Any CPU.ActiveCfg = Release|Any CPU
		{C12EB4BC-58FC-4FB2-B0F5-8B8E183D8A01}.Release|Any CPU.Build.0 = Release|Any CPU
	EndGlobalSection
	GlobalSection(SolutionProperties) = preSolution
		HideSolutionNode = FALSE
	EndGlobalSection
	GlobalSection(ExtensibilityGlobals) = postSolution
		SolutionGuid = {36AC2A28-EF25-4EC6-A48D-92C2F4357125}
	EndGlobalSection
EndGlobal
